
Microsoft Visual Studio Solution File, Format Version 12.00
# Visual Studio Version 17
VisualStudioVersion = 17.4.33205.214
MinimumVisualStudioVersion = 10.0.40219.1
Project("{9A19103F-16F7-4668-BE54-9A1E7A4F7556}") = "JukeBoxPartyWeb", "JukeBoxPartyWeb\JukeBoxPartyWeb.csproj", "{D2FD9C49-452E-458C-93AF-339FFE3D6EF4}"
EndProject
Project("{9A19103F-16F7-4668-BE54-9A1E7A4F7556}") = "JukeBoxPartyAPI", "JukeBoxPartyAPI\JukeBoxPartyAPI.csproj", "{BCB8365C-A6DC-4DD2-B4A8-90B781B9171A}"
EndProject
Project("{9A19103F-16F7-4668-BE54-9A1E7A4F7556}") = "TestProject", "TestProject\TestProject.csproj", "{B99C4D16-D689-402C-AD89-2BDF31C73204}"
EndProject
Global
	GlobalSection(SolutionConfigurationPlatforms) = preSolution
		Debug|Any CPU = Debug|Any CPU
		Release|Any CPU = Release|Any CPU
	EndGlobalSection
	GlobalSection(ProjectConfigurationPlatforms) = postSolution
		{D2FD9C49-452E-458C-93AF-339FFE3D6EF4}.Debug|Any CPU.ActiveCfg = Debug|Any CPU
		{D2FD9C49-452E-458C-93AF-339FFE3D6EF4}.Debug|Any CPU.Build.0 = Debug|Any CPU
		{D2FD9C49-452E-458C-93AF-339FFE3D6EF4}.Release|Any CPU.ActiveCfg = Release|Any CPU
		{D2FD9C49-452E-458C-93AF-339FFE3D6EF4}.Release|Any CPU.Build.0 = Release|Any CPU
		{BCB8365C-A6DC-4DD2-B4A8-90B781B9171A}.Debug|Any CPU.ActiveCfg = Debug|Any CPU
		{BCB8365C-A6DC-4DD2-B4A8-90B781B9171A}.Debug|Any CPU.Build.0 = Debug|Any CPU
		{BCB8365C-A6DC-4DD2-B4A8-90B781B9171A}.Release|Any CPU.ActiveCfg = Release|Any CPU
		{BCB8365C-A6DC-4DD2-B4A8-90B781B9171A}.Release|Any CPU.Build.0 = Release|Any CPU
		{B99C4D16-D689-402C-AD89-2BDF31C73204}.Debug|Any CPU.ActiveCfg = Debug|Any CPU
		{B99C4D16-D689-402C-AD89-2BDF31C73204}.Debug|Any CPU.Build.0 = Debug|Any CPU
		{B99C4D16-D689-402C-AD89-2BDF31C73204}.Release|Any CPU.ActiveCfg = Release|Any CPU
		{B99C4D16-D689-402C-AD89-2BDF31C73204}.Release|Any CPU.Build.0 = Release|Any CPU
	EndGlobalSection
	GlobalSection(SolutionProperties) = preSolution
		HideSolutionNode = FALSE
	EndGlobalSection
	GlobalSection(ExtensibilityGlobals) = postSolution
		SolutionGuid = {2ED19A18-E2D1-4F34-8E9D-D601876CBB54}
	EndGlobalSection
EndGlobal
